
Microsoft Visual Studio Solution File, Format Version 12.00
# Visual Studio Version 17
VisualStudioVersion = 17.4.33213.308
MinimumVisualStudioVersion = 10.0.40219.1
Project("{FAE04EC0-301F-11D3-BF4B-00C04F79EFBC}") = "ProjectSalonReact", "ProjectSalonReact.csproj", "{5546EAC3-D8E5-4C5F-BB86-9DC2D23F282B}"
EndProject
Global
	GlobalSection(SolutionConfigurationPlatforms) = preSolution
		Debug|Any CPU = Debug|Any CPU
		Release|Any CPU = Release|Any CPU
	EndGlobalSection
	GlobalSection(ProjectConfigurationPlatforms) = postSolution
		{5546EAC3-D8E5-4C5F-BB86-9DC2D23F282B}.Debug|Any CPU.ActiveCfg = Debug|Any CPU
		{5546EAC3-D8E5-4C5F-BB86-9DC2D23F282B}.Debug|Any CPU.Build.0 = Debug|Any CPU
		{5546EAC3-D8E5-4C5F-BB86-9DC2D23F282B}.Release|Any CPU.ActiveCfg = Release|Any CPU
		{5546EAC3-D8E5-4C5F-BB86-9DC2D23F282B}.Release|Any CPU.Build.0 = Release|Any CPU
	EndGlobalSection
	GlobalSection(SolutionProperties) = preSolution
		HideSolutionNode = FALSE
	EndGlobalSection
	GlobalSection(ExtensibilityGlobals) = postSolution
		SolutionGuid = {6B780ABC-DCE2-41C1-B4B7-4700D57C3B72}
	EndGlobalSection
EndGlobal
